<?xml version="1.0" encoding="utf-8"?>
<Project ToolsVersion="4.0" xmlns="http://schemas.microsoft.com/developer/msbuild/2003">
  <ItemGroup>
    <Filter Include="Source Files">
      <UniqueIdentifier>{4FC737F1-C7A5-4376-A066-2A32D752A2FF}</UniqueIdentifier>
      <Extensions>cpp;c;cc;cxx;c++;cppm;ixx;def;odl;idl;hpj;bat;asm;asmx</Extensions>
    </Filter>
    <Filter Include="Header Files">
      <UniqueIdentifier>{93995380-89BD-4b04-88EB-625FBE52EBFB}</UniqueIdentifier>
      <Extensions>h;hh;hpp;hxx;h++;hm;inl;inc;ipp;xsd</Extensions>
    </Filter>
    <Filter Include="Resource Files">
      <UniqueIdentifier>{67DA6AB6-F800-4c08-8B7A-83BB121AAD01}</UniqueIdentifier>
      <Extensions>rc;ico;cur;bmp;dlg;rc2;rct;bin;rgs;gif;jpg;jpeg;jpe;resx;tiff;tif;png;wav;mfcribbon-ms</Extensions>
    </Filter>
  </ItemGroup>
  <ItemGroup>
    <ClCompile Include="src\main.cpp">
      <Filter>Source Files</Filter>
    </ClCompile>
    <ClCompile Include="src\Material Editor\Nodes\Functions\CosineNode.cpp">
      <Filter>Source Files</Filter>
    </ClCompile>
    <ClCompile Include="src\Material Editor\Nodes\Functions\CrossProductNode.cpp">
      <Filter>Source Files</Filter>
    </ClCompile>
    <ClCompile Include="src\Material Editor\Nodes\Functions\DotProductNode.cpp">
      <Filter>Source Files</Filter>
    </ClCompile>
    <ClCompile Include="src\Material Editor\Nodes\Functions\LengthNode.cpp">
      <Filter>Source Files</Filter>
    </ClCompile>
    <ClCompile Include="src\Material Editor\Nodes\Functions\LerpNode.cpp">
      <Filter>Source Files</Filter>
    </ClCompile>
    <ClCompile Include="src\Material Editor\Nodes\Functions\NormalizeNode.cpp">
      <Filter>Source Files</Filter>
    </ClCompile>
    <ClCompile Include="src\Material Editor\Nodes\Functions\PowerNode.cpp">
      <Filter>Source Files</Filter>
    </ClCompile>
    <ClCompile Include="src\Material Editor\Nodes\Functions\SineNode.cpp">
      <Filter>Source Files</Filter>
    </ClCompile>
    <ClCompile Include="src\Material Editor\Nodes\Functions\Smoothstep.cpp">
      <Filter>Source Files</Filter>
    </ClCompile>
    <ClCompile Include="src\Material Editor\Nodes\Functions\StepNode.cpp">
      <Filter>Source Files</Filter>
    </ClCompile>
    <ClCompile Include="src\Material Editor\Nodes\Functions\TangentNode.cpp">
      <Filter>Source Files</Filter>
    </ClCompile>
    <ClCompile Include="src\Material Editor\Nodes\Inputs\FragmentCoordinateNode.cpp">
      <Filter>Source Files</Filter>
    </ClCompile>
    <ClCompile Include="src\Material Editor\Nodes\Inputs\UVNode.cpp">
      <Filter>Source Files</Filter>
    </ClCompile>
    <ClCompile Include="src\Material Editor\Nodes\Inputs\WorldNormalNode.cpp">
      <Filter>Source Files</Filter>
    </ClCompile>
    <ClCompile Include="src\Material Editor\Nodes\Inputs\WorldPositionNode.cpp">
      <Filter>Source Files</Filter>
    </ClCompile>
    <ClCompile Include="src\Material Editor\Nodes\Math\AddNode.cpp">
      <Filter>Source Files</Filter>
    </ClCompile>
    <ClCompile Include="src\Material Editor\Nodes\Math\DecimalNode.cpp">
      <Filter>Source Files</Filter>
    </ClCompile>
    <ClCompile Include="src\Material Editor\Nodes\Math\DivideNode.cpp">
      <Filter>Source Files</Filter>
    </ClCompile>
    <ClCompile Include="src\Material Editor\Nodes\Math\FloatNode.cpp">
      <Filter>Source Files</Filter>
    </ClCompile>
    <ClCompile Include="src\Material Editor\Nodes\Math\MultiplyNode.cpp">
      <Filter>Source Files</Filter>
    </ClCompile>
    <ClCompile Include="src\Material Editor\Nodes\Math\SplitVectorNode.cpp">
      <Filter>Source Files</Filter>
    </ClCompile>
    <ClCompile Include="src\Material Editor\Nodes\Math\SubtractNode.cpp">
      <Filter>Source Files</Filter>
    </ClCompile>
    <ClCompile Include="src\Material Editor\Nodes\Math\Vector2Node.cpp">
      <Filter>Source Files</Filter>
    </ClCompile>
    <ClCompile Include="src\Material Editor\Nodes\Math\Vector3Node.cpp">
      <Filter>Source Files</Filter>
    </ClCompile>
    <ClCompile Include="src\Material Editor\Nodes\Math\Vector4Node.cpp">
      <Filter>Source Files</Filter>
    </ClCompile>
    <ClCompile Include="src\Material Editor\Nodes\Rendering\BSDFNode.cpp">
      <Filter>Source Files</Filter>
    </ClCompile>
    <ClCompile Include="src\Material Editor\Nodes\Rendering\TextureNode.cpp">
      <Filter>Source Files</Filter>
    </ClCompile>
    <ClCompile Include="src\Material Editor\Nodes\Rendering\VoronoiNoiseNode.cpp">
      <Filter>Source Files</Filter>
    </ClCompile>
    <ClCompile Include="src\Material Editor\Nodes\NodeBase.cpp">
      <Filter>Source Files</Filter>
    </ClCompile>
    <ClCompile Include="src\Material Editor\Nodes\Utils.cpp">
      <Filter>Source Files</Filter>
    </ClCompile>
    <ClCompile Include="src\Material Editor\MaterialEditor.cpp">
      <Filter>Source Files</Filter>
    </ClCompile>
    <ClCompile Include="src\Menu\Toolbar.cpp">
      <Filter>Source Files</Filter>
    </ClCompile>
    <ClCompile Include="src\Panels\AssetBrowser.cpp">
      <Filter>Source Files</Filter>
    </ClCompile>
    <ClCompile Include="src\Panels\CameraControllerComponentDetails.cpp">
      <Filter>Source Files</Filter>
    </ClCompile>
    <ClCompile Include="src\Panels\LogPanel.cpp">
      <Filter>Source Files</Filter>
    </ClCompile>
    <ClCompile Include="src\Panels\PropertiesPanel.cpp">
      <Filter>Source Files</Filter>
    </ClCompile>
    <ClCompile Include="src\Panels\RigidBodyComponentDetails.cpp">
      <Filter>Source Files</Filter>
    </ClCompile>
    <ClCompile Include="src\Panels\ScenePanel.cpp">
      <Filter>Source Files</Filter>
    </ClCompile>
    <ClCompile Include="src\Panels\StatisticsPanel.cpp">
      <Filter>Source Files</Filter>
    </ClCompile>
    <ClCompile Include="src\Styles\Styles.cpp">
      <Filter>Source Files</Filter>
    </ClCompile>
    <ClCompile Include="src\Styles\ThumbnailManager.cpp">
      <Filter>Source Files</Filter>
    </ClCompile>
    <ClCompile Include="src\Utils\Serialize.cpp">
      <Filter>Source Files</Filter>
    </ClCompile>
    <ClCompile Include="src\Viewport\EditorCamera.cpp">
      <Filter>Source Files</Filter>
    </ClCompile>
    <ClCompile Include="src\Viewport\Viewport.cpp">
      <Filter>Source Files</Filter>
    </ClCompile>
    <ClCompile Include="src\EditorLayer.cpp">
      <Filter>Source Files</Filter>
    </ClCompile>
    <ClCompile Include="src\EditorRenderer.cpp">
      <Filter>Source Files</Filter>
    </ClCompile>
    <ClCompile Include="src\EditorApplicationImpl.cpp">
      <Filter>Source Files</Filter>
    </ClCompile>
    <ClCompile Include="src\Panels\Popups\MeshImportPopup.cpp">
      <Filter>Source Files</Filter>
    </ClCompile>
    <ClCompile Include="src\Panels\DopeSheet.cpp">
      <Filter>Source Files</Filter>
    </ClCompile>
    <ClCompile Include="src\Menu\AssetRegistryViewer.cpp">
      <Filter>Source Files</Filter>
    </ClCompile>
  </ItemGroup>
  <ItemGroup>
    <ClInclude Include="src\Material Editor\Nodes\Functions\CosineNode.h">
      <Filter>Header Files</Filter>
    </ClInclude>
    <ClInclude Include="src\Material Editor\Nodes\Functions\CrossProductNode.h">
      <Filter>Header Files</Filter>
    </ClInclude>
    <ClInclude Include="src\Material Editor\Nodes\Functions\DotProductNode.h">
      <Filter>Header Files</Filter>
    </ClInclude>
    <ClInclude Include="src\Material Editor\Nodes\Functions\LengthNode.h">
      <Filter>Header Files</Filter>
    </ClInclude>
    <ClInclude Include="src\Material Editor\Nodes\Functions\LerpNode.h">
      <Filter>Header Files</Filter>
    </ClInclude>
    <ClInclude Include="src\Material Editor\Nodes\Functions\NormalizeNode.h">
      <Filter>Header Files</Filter>
    </ClInclude>
    <ClInclude Include="src\Material Editor\Nodes\Functions\PowerNode.h">
      <Filter>Header Files</Filter>
    </ClInclude>
    <ClInclude Include="src\Material Editor\Nodes\Functions\SineNode.h">
      <Filter>Header Files</Filter>
    </ClInclude>
    <ClInclude Include="src\Material Editor\Nodes\Functions\SmoothstepNode.h">
      <Filter>Header Files</Filter>
    </ClInclude>
    <ClInclude Include="src\Material Editor\Nodes\Functions\StepNode.h">
      <Filter>Header Files</Filter>
    </ClInclude>
    <ClInclude Include="src\Material Editor\Nodes\Functions\TangentNode.h">
      <Filter>Header Files</Filter>
    </ClInclude>
    <ClInclude Include="src\Material Editor\Nodes\Inputs\FragmentCoordinateNode.h">
      <Filter>Header Files</Filter>
    </ClInclude>
    <ClInclude Include="src\Material Editor\Nodes\Inputs\UVNode.h">
      <Filter>Header Files</Filter>
    </ClInclude>
    <ClInclude Include="src\Material Editor\Nodes\Inputs\WorldNormalNode.h">
      <Filter>Header Files</Filter>
    </ClInclude>
    <ClInclude Include="src\Material Editor\Nodes\Inputs\WorldPositionNode.h">
      <Filter>Header Files</Filter>
    </ClInclude>
    <ClInclude Include="src\Material Editor\Nodes\Math\AddNode.h">
      <Filter>Header Files</Filter>
    </ClInclude>
    <ClInclude Include="src\Material Editor\Nodes\Math\DecimalNode.h">
      <Filter>Header Files</Filter>
    </ClInclude>
    <ClInclude Include="src\Material Editor\Nodes\Math\DivideNode.h">
      <Filter>Header Files</Filter>
    </ClInclude>
    <ClInclude Include="src\Material Editor\Nodes\Math\FloatNode.h">
      <Filter>Header Files</Filter>
    </ClInclude>
    <ClInclude Include="src\Material Editor\Nodes\Math\MultiplyNode.h">
      <Filter>Header Files</Filter>
    </ClInclude>
    <ClInclude Include="src\Material Editor\Nodes\Math\SplitVectorNode.h">
      <Filter>Header Files</Filter>
    </ClInclude>
    <ClInclude Include="src\Material Editor\Nodes\Math\SubtractNode.h">
      <Filter>Header Files</Filter>
    </ClInclude>
    <ClInclude Include="src\Material Editor\Nodes\Math\Vector2Node.h">
      <Filter>Header Files</Filter>
    </ClInclude>
    <ClInclude Include="src\Material Editor\Nodes\Math\Vector3Node.h">
      <Filter>Header Files</Filter>
    </ClInclude>
    <ClInclude Include="src\Material Editor\Nodes\Math\Vector4Node.h">
      <Filter>Header Files</Filter>
    </ClInclude>
    <ClInclude Include="src\Material Editor\Nodes\Rendering\BSDFNode.h">
      <Filter>Header Files</Filter>
    </ClInclude>
    <ClInclude Include="src\Material Editor\Nodes\Rendering\TextureNode.h">
      <Filter>Header Files</Filter>
    </ClInclude>
    <ClInclude Include="src\Material Editor\Nodes\Rendering\VoronoiNoiseNode.h">
      <Filter>Header Files</Filter>
    </ClInclude>
    <ClInclude Include="src\Material Editor\Nodes\NodeBase.h">
      <Filter>Header Files</Filter>
    </ClInclude>
    <ClInclude Include="src\Material Editor\Nodes\Nodes.h">
      <Filter>Header Files</Filter>
    </ClInclude>
    <ClInclude Include="src\Material Editor\Nodes\Utils.h">
      <Filter>Header Files</Filter>
    </ClInclude>
    <ClInclude Include="src\Material Editor\MaterialEditor.h">
      <Filter>Header Files</Filter>
    </ClInclude>
    <ClInclude Include="src\Menu\Toolbar.h">
      <Filter>Header Files</Filter>
    </ClInclude>
    <ClInclude Include="src\Panels\AssetBrowser.h">
      <Filter>Header Files</Filter>
    </ClInclude>
    <ClInclude Include="src\Panels\LogPanel.h">
      <Filter>Header Files</Filter>
    </ClInclude>
    <ClInclude Include="src\Panels\PanelCommon.h">
      <Filter>Header Files</Filter>
    </ClInclude>
    <ClInclude Include="src\Panels\PropertiesPanel.h">
      <Filter>Header Files</Filter>
    </ClInclude>
    <ClInclude Include="src\Panels\ScenePanel.h">
      <Filter>Header Files</Filter>
    </ClInclude>
    <ClInclude Include="src\Panels\StatisticsPanel.h">
      <Filter>Header Files</Filter>
    </ClInclude>
    <ClInclude Include="src\Styles\Styles.h">
      <Filter>Header Files</Filter>
    </ClInclude>
    <ClInclude Include="src\Styles\ThumbnailManager.h">
      <Filter>Header Files</Filter>
    </ClInclude>
    <ClInclude Include="src\Utils\Serialize.h">
      <Filter>Header Files</Filter>
    </ClInclude>
    <ClInclude Include="src\Viewport\EditorCamera.h">
      <Filter>Header Files</Filter>
    </ClInclude>
    <ClInclude Include="src\Viewport\Viewport.h">
      <Filter>Header Files</Filter>
    </ClInclude>
    <ClInclude Include="src\EditorLayer.h">
      <Filter>Header Files</Filter>
    </ClInclude>
    <ClInclude Include="src\EditorRenderer.h">
      <Filter>Header Files</Filter>
    </ClInclude>
    <ClInclude Include="src\EditorApplicationImpl.h">
      <Filter>Header Files</Filter>
    </ClInclude>
    <ClInclude Include="src\Panels\Popups\MeshImportPopup.h">
      <Filter>Header Files</Filter>
    </ClInclude>
    <ClInclude Include="src\Panels\DopeSheet.h">
      <Filter>Header Files</Filter>
    </ClInclude>
    <ClInclude Include="src\Viewport\SelectionContext.h">
      <Filter>Header Files</Filter>
    </ClInclude>
    <ClInclude Include="src\Menu\AssetRegistryViewer.h">
      <Filter>Header Files</Filter>
    </ClInclude>
  </ItemGroup>
</Project>